// !$*UTF8*$!
{
	archiveVersion = 1;
	classes = {
	};
	objectVersion = 46;
	objects = {

/* Begin PBXBuildFile section */
		20770A1116ED1EF800E12D67 /* Cocoa.framework in Frameworks */ = {isa = PBXBuildFile; fileRef = 20770A1016ED1EF800E12D67 /* Cocoa.framework */; };
		20770A1B16ED1EF800E12D67 /* InfoPlist.strings in Resources */ = {isa = PBXBuildFile; fileRef = 20770A1916ED1EF800E12D67 /* InfoPlist.strings */; };
		20770A1D16ED1EF800E12D67 /* main.m in Sources */ = {isa = PBXBuildFile; fileRef = 20770A1C16ED1EF800E12D67 /* main.m */; };
		20770A2116ED1EF800E12D67 /* Credits.rtf in Resources */ = {isa = PBXBuildFile; fileRef = 20770A1F16ED1EF800E12D67 /* Credits.rtf */; };
		20770A2416ED1EF800E12D67 /* AppDelegate.m in Sources */ = {isa = PBXBuildFile; fileRef = 20770A2316ED1EF800E12D67 /* AppDelegate.m */; };
		20770A2716ED1EF900E12D67 /* MainMenu.xib in Resources */ = {isa = PBXBuildFile; fileRef = 20770A2516ED1EF900E12D67 /* MainMenu.xib */; };
		20770A3016ED219600E12D67 /* MainViewController.m in Sources */ = {isa = PBXBuildFile; fileRef = 20770A2E16ED219600E12D67 /* MainViewController.m */; };
		20770A3416ED33A900E12D67 /* online.png in Resources */ = {isa = PBXBuildFile; fileRef = 20770A3216ED33A900E12D67 /* online.png */; };
		20770A3516ED33A900E12D67 /* offline.png in Resources */ = {isa = PBXBuildFile; fileRef = 20770A3316ED33A900E12D67 /* offline.png */; };
		20770A5A16ED491300E12D67 /* Security.framework in Frameworks */ = {isa = PBXBuildFile; fileRef = 20770A5916ED491300E12D67 /* Security.framework */; };
		20770A8516ED6B9E00E12D67 /* GCDAsyncSocket.m in Sources */ = {isa = PBXBuildFile; fileRef = 20770A8416ED6B9E00E12D67 /* GCDAsyncSocket.m */; };
		20770A9916ED9BEC00E12D67 /* MOInterprete.m in Sources */ = {isa = PBXBuildFile; fileRef = 20770A9816ED9BEC00E12D67 /* MOInterprete.m */; };
/* End PBXBuildFile section */

/* Begin PBXFileReference section */
		20770A0D16ED1EF800E12D67 /* Controls-Sever.app */ = {isa = PBXFileReference; explicitFileType = wrapper.application; includeInIndex = 0; path = "Controls-Sever.app"; sourceTree = BUILT_PRODUCTS_DIR; };
		20770A1016ED1EF800E12D67 /* Cocoa.framework */ = {isa = PBXFileReference; lastKnownFileType = wrapper.framework; name = Cocoa.framework; path = System/Library/Frameworks/Cocoa.framework; sourceTree = SDKROOT; };
		20770A1316ED1EF800E12D67 /* AppKit.framework */ = {isa = PBXFileReference; lastKnownFileType = wrapper.framework; name = AppKit.framework; path = System/Library/Frameworks/AppKit.framework; sourceTree = SDKROOT; };
		20770A1416ED1EF800E12D67 /* CoreData.framework */ = {isa = PBXFileReference; lastKnownFileType = wrapper.framework; name = CoreData.framework; path = System/Library/Frameworks/CoreData.framework; sourceTree = SDKROOT; };
		20770A1516ED1EF800E12D67 /* Foundation.framework */ = {isa = PBXFileReference; lastKnownFileType = wrapper.framework; name = Foundation.framework; path = System/Library/Frameworks/Foundation.framework; sourceTree = SDKROOT; };
		20770A1816ED1EF800E12D67 /* Controls-Sever-Info.plist */ = {isa = PBXFileReference; lastKnownFileType = text.plist.xml; path = "Controls-Sever-Info.plist"; sourceTree = "<group>"; };
		20770A1A16ED1EF800E12D67 /* en */ = {isa = PBXFileReference; lastKnownFileType = text.plist.strings; name = en; path = en.lproj/InfoPlist.strings; sourceTree = "<group>"; };
		20770A1C16ED1EF800E12D67 /* main.m */ = {isa = PBXFileReference; lastKnownFileType = sourcecode.c.objc; path = main.m; sourceTree = "<group>"; };
		20770A1E16ED1EF800E12D67 /* Controls-Sever-Prefix.pch */ = {isa = PBXFileReference; lastKnownFileType = sourcecode.c.h; path = "Controls-Sever-Prefix.pch"; sourceTree = "<group>"; };
		20770A2016ED1EF800E12D67 /* en */ = {isa = PBXFileReference; lastKnownFileType = text.rtf; name = en; path = en.lproj/Credits.rtf; sourceTree = "<group>"; };
		20770A2216ED1EF800E12D67 /* AppDelegate.h */ = {isa = PBXFileReference; lastKnownFileType = sourcecode.c.h; path = AppDelegate.h; sourceTree = "<group>"; };
		20770A2316ED1EF800E12D67 /* AppDelegate.m */ = {isa = PBXFileReference; lastKnownFileType = sourcecode.c.objc; path = AppDelegate.m; sourceTree = "<group>"; };
		20770A2616ED1EF900E12D67 /* en */ = {isa = PBXFileReference; lastKnownFileType = file.xib; name = en; path = en.lproj/MainMenu.xib; sourceTree = "<group>"; };
		20770A2D16ED219600E12D67 /* MainViewController.h */ = {isa = PBXFileReference; fileEncoding = 4; lastKnownFileType = sourcecode.c.h; path = MainViewController.h; sourceTree = "<group>"; };
		20770A2E16ED219600E12D67 /* MainViewController.m */ = {isa = PBXFileReference; fileEncoding = 4; lastKnownFileType = sourcecode.c.objc; path = MainViewController.m; sourceTree = "<group>"; };
		20770A3216ED33A900E12D67 /* online.png */ = {isa = PBXFileReference; lastKnownFileType = image.png; path = online.png; sourceTree = "<group>"; };
		20770A3316ED33A900E12D67 /* offline.png */ = {isa = PBXFileReference; lastKnownFileType = image.png; path = offline.png; sourceTree = "<group>"; };
		20770A5516ED48E900E12D67 /* GCDAsyncSocket.h */ = {isa = PBXFileReference; fileEncoding = 4; lastKnownFileType = sourcecode.c.h; path = GCDAsyncSocket.h; sourceTree = "<group>"; };
		20770A5916ED491300E12D67 /* Security.framework */ = {isa = PBXFileReference; lastKnownFileType = wrapper.framework; name = Security.framework; path = System/Library/Frameworks/Security.framework; sourceTree = SDKROOT; };
		20770A8416ED6B9E00E12D67 /* GCDAsyncSocket.m */ = {isa = PBXFileReference; fileEncoding = 4; lastKnownFileType = sourcecode.c.objc; path = GCDAsyncSocket.m; sourceTree = "<group>"; };
		20770A9716ED9BEC00E12D67 /* MOInterprete.h */ = {isa = PBXFileReference; fileEncoding = 4; lastKnownFileType = sourcecode.c.h; path = MOInterprete.h; sourceTree = "<group>"; };
		20770A9816ED9BEC00E12D67 /* MOInterprete.m */ = {isa = PBXFileReference; fileEncoding = 4; lastKnownFileType = sourcecode.c.objc; path = MOInterprete.m; sourceTree = "<group>"; };
/* End PBXFileReference section */

/* Begin PBXFrameworksBuildPhase section */
		20770A0A16ED1EF800E12D67 /* Frameworks */ = {
			isa = PBXFrameworksBuildPhase;
			buildActionMask = 2147483647;
			files = (
				20770A5A16ED491300E12D67 /* Security.framework in Frameworks */,
				20770A1116ED1EF800E12D67 /* Cocoa.framework in Frameworks */,
			);
			runOnlyForDeploymentPostprocessing = 0;
		};
/* End PBXFrameworksBuildPhase section */

/* Begin PBXGroup section */
		20770A0416ED1EF800E12D67 = {
			isa = PBXGroup;
			children = (
				20770A1616ED1EF800E12D67 /* Controls-Sever */,
				20770A0F16ED1EF800E12D67 /* Frameworks */,
				20770A0E16ED1EF800E12D67 /* Products */,
			);
			sourceTree = "<group>";
		};
		20770A0E16ED1EF800E12D67 /* Products */ = {
			isa = PBXGroup;
			children = (
				20770A0D16ED1EF800E12D67 /* Controls-Sever.app */,
			);
			name = Products;
			sourceTree = "<group>";
		};
		20770A0F16ED1EF800E12D67 /* Frameworks */ = {
			isa = PBXGroup;
			children = (
				20770A5916ED491300E12D67 /* Security.framework */,
				20770A1016ED1EF800E12D67 /* Cocoa.framework */,
				20770A1216ED1EF800E12D67 /* Other Frameworks */,
			);
			name = Frameworks;
			sourceTree = "<group>";
		};
		20770A1216ED1EF800E12D67 /* Other Frameworks */ = {
			isa = PBXGroup;
			children = (
				20770A1316ED1EF800E12D67 /* AppKit.framework */,
				20770A1416ED1EF800E12D67 /* CoreData.framework */,
				20770A1516ED1EF800E12D67 /* Foundation.framework */,
			);
			name = "Other Frameworks";
			sourceTree = "<group>";
		};
		20770A1616ED1EF800E12D67 /* Controls-Sever */ = {
			isa = PBXGroup;
			children = (
				20770A5816ED48EE00E12D67 /* TCP */,
				20770A2216ED1EF800E12D67 /* AppDelegate.h */,
				20770A2316ED1EF800E12D67 /* AppDelegate.m */,
				20770A2516ED1EF900E12D67 /* MainMenu.xib */,
				20770A1716ED1EF800E12D67 /* Supporting Files */,
				20770A2D16ED219600E12D67 /* MainViewController.h */,
				20770A2E16ED219600E12D67 /* MainViewController.m */,
				20770A3216ED33A900E12D67 /* online.png */,
				20770A3316ED33A900E12D67 /* offline.png */,
				20770A9716ED9BEC00E12D67 /* MOInterprete.h */,
				20770A9816ED9BEC00E12D67 /* MOInterprete.m */,
			);
			path = "Controls-Sever";
			sourceTree = "<group>";
		};
		20770A1716ED1EF800E12D67 /* Supporting Files */ = {
			isa = PBXGroup;
			children = (
				20770A1816ED1EF800E12D67 /* Controls-Sever-Info.plist */,
				20770A1916ED1EF800E12D67 /* InfoPlist.strings */,
				20770A1C16ED1EF800E12D67 /* main.m */,
				20770A1E16ED1EF800E12D67 /* Controls-Sever-Prefix.pch */,
				20770A1F16ED1EF800E12D67 /* Credits.rtf */,
			);
			name = "Supporting Files";
			sourceTree = "<group>";
		};
		20770A5816ED48EE00E12D67 /* TCP */ = {
			isa = PBXGroup;
			children = (
				20770A5516ED48E900E12D67 /* GCDAsyncSocket.h */,
				20770A8416ED6B9E00E12D67 /* GCDAsyncSocket.m */,
			);
			name = TCP;
			sourceTree = "<group>";
		};
/* End PBXGroup section */

/* Begin PBXNativeTarget section */
		20770A0C16ED1EF800E12D67 /* Controls-Sever */ = {
			isa = PBXNativeTarget;
			buildConfigurationList = 20770A2A16ED1EF900E12D67 /* Build configuration list for PBXNativeTarget "Controls-Sever" */;
			buildPhases = (
				20770A0916ED1EF800E12D67 /* Sources */,
				20770A0A16ED1EF800E12D67 /* Frameworks */,
				20770A0B16ED1EF800E12D67 /* Resources */,
			);
			buildRules = (
			);
			dependencies = (
			);
			name = "Controls-Sever";
			productName = "Controls-Sever";
			productReference = 20770A0D16ED1EF800E12D67 /* Controls-Sever.app */;
			productType = "com.apple.product-type.application";
		};
/* End PBXNativeTarget section */

/* Begin PBXProject section */
		20770A0516ED1EF800E12D67 /* Project object */ = {
			isa = PBXProject;
			attributes = {
				LastUpgradeCheck = 0460;
				ORGANIZATIONNAME = "Mateo Olaya Bernal";
			};
			buildConfigurationList = 20770A0816ED1EF800E12D67 /* Build configuration list for PBXProject "Controls-Sever" */;
			compatibilityVersion = "Xcode 3.2";
			developmentRegion = English;
			hasScannedForEncodings = 0;
			knownRegions = (
				en,
			);
			mainGroup = 20770A0416ED1EF800E12D67;
			productRefGroup = 20770A0E16ED1EF800E12D67 /* Products */;
			projectDirPath = "";
			projectRoot = "";
			targets = (
				20770A0C16ED1EF800E12D67 /* Controls-Sever */,
			);
		};
/* End PBXProject section */

/* Begin PBXResourcesBuildPhase section */
		20770A0B16ED1EF800E12D67 /* Resources */ = {
			isa = PBXResourcesBuildPhase;
			buildActionMask = 2147483647;
			files = (
				20770A1B16ED1EF800E12D67 /* InfoPlist.strings in Resources */,
				20770A2116ED1EF800E12D67 /* Credits.rtf in Resources */,
				20770A2716ED1EF900E12D67 /* MainMenu.xib in Resources */,
				20770A3416ED33A900E12D67 /* online.png in Resources */,
				20770A3516ED33A900E12D67 /* offline.png in Resources */,
			);
			runOnlyForDeploymentPostprocessing = 0;
		};
/* End PBXResourcesBuildPhase section */

/* Begin PBXSourcesBuildPhase section */
		20770A0916ED1EF800E12D67 /* Sources */ = {
			isa = PBXSourcesBuildPhase;
			buildActionMask = 2147483647;
			files = (
				20770A1D16ED1EF800E12D67 /* main.m in Sources */,
				20770A2416ED1EF800E12D67 /* AppDelegate.m in Sources */,
				20770A3016ED219600E12D67 /* MainViewController.m in Sources */,
				20770A8516ED6B9E00E12D67 /* GCDAsyncSocket.m in Sources */,
				20770A9916ED9BEC00E12D67 /* MOInterprete.m in Sources */,
			);
			runOnlyForDeploymentPostprocessing = 0;
		};
/* End PBXSourcesBuildPhase section */

/* Begin PBXVariantGroup section */
		20770A1916ED1EF800E12D67 /* InfoPlist.strings */ = {
			isa = PBXVariantGroup;
			children = (
				20770A1A16ED1EF800E12D67 /* en */,
			);
			name = InfoPlist.strings;
			sourceTree = "<group>";
		};
		20770A1F16ED1EF800E12D67 /* Credits.rtf */ = {
			isa = PBXVariantGroup;
			children = (
				20770A2016ED1EF800E12D67 /* en */,
			);
			name = Credits.rtf;
			sourceTree = "<group>";
		};
		20770A2516ED1EF900E12D67 /* MainMenu.xib */ = {
			isa = PBXVariantGroup;
			children = (
				20770A2616ED1EF900E12D67 /* en */,
			);
			name = MainMenu.xib;
			sourceTree = "<group>";
		};
/* End PBXVariantGroup section */

/* Begin XCBuildConfiguration section */
		20770A2816ED1EF900E12D67 /* Debug */ = {
			isa = XCBuildConfiguration;
			buildSettings = {
				ALWAYS_SEARCH_USER_PATHS = NO;
				ARCHS = "$(ARCHS_STANDARD_64_BIT)";
				CLANG_CXX_LANGUAGE_STANDARD = "gnu++0x";
				CLANG_CXX_LIBRARY = "libc++";
				CLANG_ENABLE_OBJC_ARC = YES;
				CLANG_WARN_CONSTANT_CONVERSION = YES;
				CLANG_WARN_EMPTY_BODY = YES;
				CLANG_WARN_ENUM_CONVERSION = YES;
				CLANG_WARN_INT_CONVERSION = YES;
				CLANG_WARN__DUPLICATE_METHOD_MATCH = YES;
				COPY_PHASE_STRIP = NO;
				GCC_C_LANGUAGE_STANDARD = gnu99;
				GCC_DYNAMIC_NO_PIC = NO;
				GCC_ENABLE_OBJC_EXCEPTIONS = YES;
				GCC_OPTIMIZATION_LEVEL = 0;
				GCC_PREPROCESSOR_DEFINITIONS = (
					"DEBUG=1",
					"$(inherited)",
				);
				GCC_SYMBOLS_PRIVATE_EXTERN = NO;
				GCC_WARN_64_TO_32_BIT_CONVERSION = YES;
				GCC_WARN_ABOUT_RETURN_TYPE = YES;
				GCC_WARN_UNINITIALIZED_AUTOS = YES;
				GCC_WARN_UNUSED_VARIABLE = YES;
				MACOSX_DEPLOYMENT_TARGET = 10.8;
				ONLY_ACTIVE_ARCH = YES;
				SDKROOT = macosx;
			};
			name = Debug;
		};
		20770A2916ED1EF900E12D67 /* Release */ = {
			isa = XCBuildConfiguration;
			buildSettings = {
				ALWAYS_SEARCH_USER_PATHS = NO;
				ARCHS = "$(ARCHS_STANDARD_64_BIT)";
				CLANG_CXX_LANGUAGE_STANDARD = "gnu++0x";
				CLANG_CXX_LIBRARY = "libc++";
				CLANG_ENABLE_OBJC_ARC = YES;
				CLANG_WARN_CONSTANT_CONVERSION = YES;
				CLANG_WARN_EMPTY_BODY = YES;
				CLANG_WARN_ENUM_CONVERSION = YES;
				CLANG_WARN_INT_CONVERSION = YES;
				CLANG_WARN__DUPLICATE_METHOD_MATCH = YES;
				COPY_PHASE_STRIP = YES;
				DEBUG_INFORMATION_FORMAT = "dwarf-with-dsym";
				GCC_C_LANGUAGE_STANDARD = gnu99;
				GCC_ENABLE_OBJC_EXCEPTIONS = YES;
				GCC_WARN_64_TO_32_BIT_CONVERSION = YES;
				GCC_WARN_ABOUT_RETURN_TYPE = YES;
				GCC_WARN_UNINITIALIZED_AUTOS = YES;
				GCC_WARN_UNUSED_VARIABLE = YES;
				MACOSX_DEPLOYMENT_TARGET = 10.8;
				SDKROOT = macosx;
			};
			name = Release;
		};
		20770A2B16ED1EF900E12D67 /* Debug */ = {
			isa = XCBuildConfiguration;
			buildSettings = {
				COMBINE_HIDPI_IMAGES = YES;
				GCC_PRECOMPILE_PREFIX_HEADER = YES;
				GCC_PREFIX_HEADER = "Controls-Sever/Controls-Sever-Prefix.pch";
				INFOPLIST_FILE = "Controls-Sever/Controls-Sever-Info.plist";
				MACOSX_DEPLOYMENT_TARGET = 10.6;
				PRODUCT_NAME = "$(TARGET_NAME)";
				WRAPPER_EXTENSION = app;
			};
			name = Debug;
		};
		20770A2C16ED1EF900E12D67 /* Release */ = {
			isa = XCBuildConfiguration;
			buildSettings = {
				COMBINE_HIDPI_IMAGES = YES;
				GCC_PRECOMPILE_PREFIX_HEADER = YES;
				GCC_PREFIX_HEADER = "Controls-Sever/Controls-Sever-Prefix.pch";
				INFOPLIST_FILE = "Controls-Sever/Controls-Sever-Info.plist";
				MACOSX_DEPLOYMENT_TARGET = 10.6;
				PRODUCT_NAME = "$(TARGET_NAME)";
				WRAPPER_EXTENSION = app;
			};
			name = Release;
		};
/* End XCBuildConfiguration section */

/* Begin XCConfigurationList section */
		20770A0816ED1EF800E12D67 /* Build configuration list for PBXProject "Controls-Sever" */ = {
			isa = XCConfigurationList;
			buildConfigurations = (
				20770A2816ED1EF900E12D67 /* Debug */,
				20770A2916ED1EF900E12D67 /* Release */,
			);
			defaultConfigurationIsVisible = 0;
			defaultConfigurationName = Release;
		};
		20770A2A16ED1EF900E12D67 /* Build configuration list for PBXNativeTarget "Controls-Sever" */ = {
			isa = XCConfigurationList;
			buildConfigurations = (
				20770A2B16ED1EF900E12D67 /* Debug */,
				20770A2C16ED1EF900E12D67 /* Release */,
			);
			defaultConfigurationIsVisible = 0;
		};
/* End XCConfigurationList section */
	};
	rootObject = 20770A0516ED1EF800E12D67 /* Project object */;
}
